
Microsoft Visual Studio Solution File, Format Version 12.00
# Visual Studio Version 16
VisualStudioVersion = 16.0.31019.35
MinimumVisualStudioVersion = 10.0.40219.1
Project("{FAE04EC0-301F-11D3-BF4B-00C04F79EFBC}") = "Address Book New", "Address Book New.csproj", "{4D2AE0F1-1391-4584-8DCF-C1E2B22ADC99}"
EndProject
Global
	GlobalSection(SolutionConfigurationPlatforms) = preSolution
		Debug|Any CPU = Debug|Any CPU
		Release|Any CPU = Release|Any CPU
	EndGlobalSection
	GlobalSection(ProjectConfigurationPlatforms) = postSolution
		{4D2AE0F1-1391-4584-8DCF-C1E2B22ADC99}.Debug|Any CPU.ActiveCfg = Debug|Any CPU
		{4D2AE0F1-1391-4584-8DCF-C1E2B22ADC99}.Debug|Any CPU.Build.0 = Debug|Any CPU
		{4D2AE0F1-1391-4584-8DCF-C1E2B22ADC99}.Release|Any CPU.ActiveCfg = Release|Any CPU
		{4D2AE0F1-1391-4584-8DCF-C1E2B22ADC99}.Release|Any CPU.Build.0 = Release|Any CPU
	EndGlobalSection
	GlobalSection(SolutionProperties) = preSolution
		HideSolutionNode = FALSE
	EndGlobalSection
	GlobalSection(ExtensibilityGlobals) = postSolution
		SolutionGuid = {3F2B915D-1B36-44E2-AA8D-A70625FFAB15}
	EndGlobalSection
EndGlobal
